
Microsoft Visual Studio Solution File, Format Version 12.00
# Visual Studio Version 17
VisualStudioVersion = 17.3.32825.248
MinimumVisualStudioVersion = 10.0.40219.1
Project("{FAE04EC0-301F-11D3-BF4B-00C04F79EFBC}") = "KisiselBlogUygulamasi", "FormUygulamalari7\KisiselBlogUygulamasi.csproj", "{508C137B-7D88-4351-8B9C-FC4DE6EE4E7E}"
EndProject
Global
	GlobalSection(SolutionConfigurationPlatforms) = preSolution
		Debug|Any CPU = Debug|Any CPU
		Release|Any CPU = Release|Any CPU
	EndGlobalSection
	GlobalSection(ProjectConfigurationPlatforms) = postSolution
		{508C137B-7D88-4351-8B9C-FC4DE6EE4E7E}.Debug|Any CPU.ActiveCfg = Debug|Any CPU
		{508C137B-7D88-4351-8B9C-FC4DE6EE4E7E}.Debug|Any CPU.Build.0 = Debug|Any CPU
		{508C137B-7D88-4351-8B9C-FC4DE6EE4E7E}.Release|Any CPU.ActiveCfg = Release|Any CPU
		{508C137B-7D88-4351-8B9C-FC4DE6EE4E7E}.Release|Any CPU.Build.0 = Release|Any CPU
	EndGlobalSection
	GlobalSection(SolutionProperties) = preSolution
		HideSolutionNode = FALSE
	EndGlobalSection
	GlobalSection(ExtensibilityGlobals) = postSolution
		SolutionGuid = {4778D6B7-B936-4FB4-B7AB-0DC3FA0AF710}
	EndGlobalSection
EndGlobal
